
Microsoft Visual Studio Solution File, Format Version 12.00
# Visual Studio Version 17
VisualStudioVersion = 17.14.36401.2
MinimumVisualStudioVersion = 10.0.40219.1
Project("{8BC9CEB8-8B4A-11D0-8D11-00A0C91BC942}") = "Component_SpeedTest", "MyProject.vcxproj", "{5A005704-8F00-47D1-8052-7C96F02FBD87}"
EndProject
Global
	GlobalSection(SolutionConfigurationPlatforms) = preSolution
		Debug|x64 = Debug|x64
		Debug|x86 = Debug|x86
		Release|x64 = Release|x64
		Release|x86 = Release|x86
	EndGlobalSection
	GlobalSection(ProjectConfigurationPlatforms) = postSolution
		{5A005704-8F00-47D1-8052-7C96F02FBD87}.Debug|x64.ActiveCfg = Debug|x64
		{5A005704-8F00-47D1-8052-7C96F02FBD87}.Debug|x64.Build.0 = Debug|x64
		{5A005704-8F00-47D1-8052-7C96F02FBD87}.Debug|x86.ActiveCfg = Debug|Win32
		{5A005704-8F00-47D1-8052-7C96F02FBD87}.Debug|x86.Build.0 = Debug|Win32
		{5A005704-8F00-47D1-8052-7C96F02FBD87}.Release|x64.ActiveCfg = Release|x64
		{5A005704-8F00-47D1-8052-7C96F02FBD87}.Release|x64.Build.0 = Release|x64
		{5A005704-8F00-47D1-8052-7C96F02FBD87}.Release|x86.ActiveCfg = Release|Win32
		{5A005704-8F00-47D1-8052-7C96F02FBD87}.Release|x86.Build.0 = Release|Win32
	EndGlobalSection
	GlobalSection(SolutionProperties) = preSolution
		HideSolutionNode = FALSE
	EndGlobalSection
	GlobalSection(ExtensibilityGlobals) = postSolution
		SolutionGuid = {F95C1E60-0E5B-4854-B2F9-5F45D4E0319B}
	EndGlobalSection
EndGlobal
